
Microsoft Visual Studio Solution File, Format Version 12.00
# Visual Studio Version 17
VisualStudioVersion = 17.1.32319.34
MinimumVisualStudioVersion = 10.0.40219.1
Project("{2150E333-8FDC-42A3-9474-1A3956D46DE8}") = "src", "src", "{A36BE3AC-CB7C-4B99-9399-43D8F581F3F4}"
EndProject
Project("{2150E333-8FDC-42A3-9474-1A3956D46DE8}") = "ApiGateway", "ApiGateway", "{E763ABC3-4D00-4D7B-93A3-294644EDF7C9}"
EndProject
Project("{2150E333-8FDC-42A3-9474-1A3956D46DE8}") = "Services", "Services", "{4208D9D4-555A-44FC-A3D0-20DADBB79EEE}"
EndProject
Project("{2150E333-8FDC-42A3-9474-1A3956D46DE8}") = "WebApp", "WebApp", "{D0E018D6-FE0F-4DF7-83E4-18BA4C4067D1}"
EndProject
Project("{2150E333-8FDC-42A3-9474-1A3956D46DE8}") = "Common", "Common", "{CE64BA08-8559-4880-A150-A3F4EBD5D8AF}"
EndProject
Project("{2150E333-8FDC-42A3-9474-1A3956D46DE8}") = "Order", "Order", "{B977820F-CDAE-4CC5-B63F-18F919285BFE}"
EndProject
Project("{2150E333-8FDC-42A3-9474-1A3956D46DE8}") = "Sourcing", "Sourcing", "{FD3C19D1-ACE0-430D-A797-CE2D21FD3038}"
EndProject
Project("{2150E333-8FDC-42A3-9474-1A3956D46DE8}") = "Product", "Product", "{77DB78FF-0EFE-47B4-ABC7-10BD74FE9C29}"
EndProject
Project("{9A19103F-16F7-4668-BE54-9A1E7A4F7556}") = "MicroServiceArchitectureProducts", "MicroServiceArchitectureProducts\MicroServiceArchitectureProducts.csproj", "{E282D449-4201-4909-B130-FEBB156E5F99}"
EndProject
Project("{9A19103F-16F7-4668-BE54-9A1E7A4F7556}") = "MicroServiceArchitectureSourcing", "MicroServiceArchitectureSourcing\MicroServiceArchitectureSourcing.csproj", "{01CCE839-6F7F-4156-8CBC-40A9B3132528}"
EndProject
Project("{9A19103F-16F7-4668-BE54-9A1E7A4F7556}") = "EventBusRabbitMQ", "EventBusRabbitMQ\EventBusRabbitMQ.csproj", "{4B4DDA4E-1A5E-4023-86C7-74DB9B0A67D6}"
EndProject
Project("{9A19103F-16F7-4668-BE54-9A1E7A4F7556}") = "MicroServiceArchitectureOrder", "MicroServiceArchitectureOrder\MicroServiceArchitectureOrder.csproj", "{0CC8C5EB-3EA6-4970-A763-C6DBE7E483F3}"
EndProject
Project("{9A19103F-16F7-4668-BE54-9A1E7A4F7556}") = "OrderingDomain", "OrderingDomain\OrderingDomain.csproj", "{726A1812-27D5-412A-836C-F987115628F3}"
EndProject
Project("{9A19103F-16F7-4668-BE54-9A1E7A4F7556}") = "OrderingApplication", "OrderingApplication\OrderingApplication.csproj", "{22969108-C871-4E57-8291-79E5188673D9}"
EndProject
Project("{9A19103F-16F7-4668-BE54-9A1E7A4F7556}") = "OrderingInfrastructure", "OrderingInfrastructure\OrderingInfrastructure.csproj", "{3720B688-D5EF-4A1D-8D18-18E8EC519408}"
EndProject
Project("{9A19103F-16F7-4668-BE54-9A1E7A4F7556}") = "MicroServiceArchitectureApiGateway", "MicroServiceArchitectureApiGateway\MicroServiceArchitectureApiGateway.csproj", "{B6A0CB00-E0D4-4EAF-AA91-95EA179708E7}"
EndProject
Project("{9A19103F-16F7-4668-BE54-9A1E7A4F7556}") = "MicroServiceArchitectureUIInfrastructure", "MicroServiceArchitectureUIInfrastructure\MicroServiceArchitectureUIInfrastructure.csproj", "{CA5E8D6E-18CD-4885-8597-030162947AE8}"
EndProject
Project("{9A19103F-16F7-4668-BE54-9A1E7A4F7556}") = "MicroServiceArchitectureUIDomain", "MicroServiceArchitectureUICore\MicroServiceArchitectureUIDomain.csproj", "{6F7443E2-02BB-49CB-BBF8-7D3CC72CAA55}"
EndProject
Project("{9A19103F-16F7-4668-BE54-9A1E7A4F7556}") = "MicroServiceArchitectureUI", "MicroServiceArchitectureUI\MicroServiceArchitectureUI.csproj", "{17C03B85-70E2-40D7-A3DC-1FDC39434DF9}"
EndProject
Project("{E53339B2-1760-4266-BCC7-CA923CBCF16C}") = "docker-compose", "docker-compose.dcproj", "{37A554A0-1E3C-4C44-9468-33E4B052DFB6}"
EndProject
Global
	GlobalSection(SolutionConfigurationPlatforms) = preSolution
		Debug|Any CPU = Debug|Any CPU
		Release|Any CPU = Release|Any CPU
	EndGlobalSection
	GlobalSection(ProjectConfigurationPlatforms) = postSolution
		{E282D449-4201-4909-B130-FEBB156E5F99}.Debug|Any CPU.ActiveCfg = Debug|Any CPU
		{E282D449-4201-4909-B130-FEBB156E5F99}.Debug|Any CPU.Build.0 = Debug|Any CPU
		{E282D449-4201-4909-B130-FEBB156E5F99}.Release|Any CPU.ActiveCfg = Release|Any CPU
		{E282D449-4201-4909-B130-FEBB156E5F99}.Release|Any CPU.Build.0 = Release|Any CPU
		{01CCE839-6F7F-4156-8CBC-40A9B3132528}.Debug|Any CPU.ActiveCfg = Debug|Any CPU
		{01CCE839-6F7F-4156-8CBC-40A9B3132528}.Debug|Any CPU.Build.0 = Debug|Any CPU
		{01CCE839-6F7F-4156-8CBC-40A9B3132528}.Release|Any CPU.ActiveCfg = Release|Any CPU
		{01CCE839-6F7F-4156-8CBC-40A9B3132528}.Release|Any CPU.Build.0 = Release|Any CPU
		{4B4DDA4E-1A5E-4023-86C7-74DB9B0A67D6}.Debug|Any CPU.ActiveCfg = Debug|Any CPU
		{4B4DDA4E-1A5E-4023-86C7-74DB9B0A67D6}.Debug|Any CPU.Build.0 = Debug|Any CPU
		{4B4DDA4E-1A5E-4023-86C7-74DB9B0A67D6}.Release|Any CPU.ActiveCfg = Release|Any CPU
		{4B4DDA4E-1A5E-4023-86C7-74DB9B0A67D6}.Release|Any CPU.Build.0 = Release|Any CPU
		{0CC8C5EB-3EA6-4970-A763-C6DBE7E483F3}.Debug|Any CPU.ActiveCfg = Debug|Any CPU
		{0CC8C5EB-3EA6-4970-A763-C6DBE7E483F3}.Debug|Any CPU.Build.0 = Debug|Any CPU
		{0CC8C5EB-3EA6-4970-A763-C6DBE7E483F3}.Release|Any CPU.ActiveCfg = Release|Any CPU
		{0CC8C5EB-3EA6-4970-A763-C6DBE7E483F3}.Release|Any CPU.Build.0 = Release|Any CPU
		{726A1812-27D5-412A-836C-F987115628F3}.Debug|Any CPU.ActiveCfg = Debug|Any CPU
		{726A1812-27D5-412A-836C-F987115628F3}.Debug|Any CPU.Build.0 = Debug|Any CPU
		{726A1812-27D5-412A-836C-F987115628F3}.Release|Any CPU.ActiveCfg = Release|Any CPU
		{726A1812-27D5-412A-836C-F987115628F3}.Release|Any CPU.Build.0 = Release|Any CPU
		{22969108-C871-4E57-8291-79E5188673D9}.Debug|Any CPU.ActiveCfg = Debug|Any CPU
		{22969108-C871-4E57-8291-79E5188673D9}.Debug|Any CPU.Build.0 = Debug|Any CPU
		{22969108-C871-4E57-8291-79E5188673D9}.Release|Any CPU.ActiveCfg = Release|Any CPU
		{22969108-C871-4E57-8291-79E5188673D9}.Release|Any CPU.Build.0 = Release|Any CPU
		{3720B688-D5EF-4A1D-8D18-18E8EC519408}.Debug|Any CPU.ActiveCfg = Debug|Any CPU
		{3720B688-D5EF-4A1D-8D18-18E8EC519408}.Debug|Any CPU.Build.0 = Debug|Any CPU
		{3720B688-D5EF-4A1D-8D18-18E8EC519408}.Release|Any CPU.ActiveCfg = Release|Any CPU
		{3720B688-D5EF-4A1D-8D18-18E8EC519408}.Release|Any CPU.Build.0 = Release|Any CPU
		{B6A0CB00-E0D4-4EAF-AA91-95EA179708E7}.Debug|Any CPU.ActiveCfg = Debug|Any CPU
		{B6A0CB00-E0D4-4EAF-AA91-95EA179708E7}.Debug|Any CPU.Build.0 = Debug|Any CPU
		{B6A0CB00-E0D4-4EAF-AA91-95EA179708E7}.Release|Any CPU.ActiveCfg = Release|Any CPU
		{B6A0CB00-E0D4-4EAF-AA91-95EA179708E7}.Release|Any CPU.Build.0 = Release|Any CPU
		{CA5E8D6E-18CD-4885-8597-030162947AE8}.Debug|Any CPU.ActiveCfg = Debug|Any CPU
		{CA5E8D6E-18CD-4885-8597-030162947AE8}.Debug|Any CPU.Build.0 = Debug|Any CPU
		{CA5E8D6E-18CD-4885-8597-030162947AE8}.Release|Any CPU.ActiveCfg = Release|Any CPU
		{CA5E8D6E-18CD-4885-8597-030162947AE8}.Release|Any CPU.Build.0 = Release|Any CPU
		{6F7443E2-02BB-49CB-BBF8-7D3CC72CAA55}.Debug|Any CPU.ActiveCfg = Debug|Any CPU
		{6F7443E2-02BB-49CB-BBF8-7D3CC72CAA55}.Debug|Any CPU.Build.0 = Debug|Any CPU
		{6F7443E2-02BB-49CB-BBF8-7D3CC72CAA55}.Release|Any CPU.ActiveCfg = Release|Any CPU
		{6F7443E2-02BB-49CB-BBF8-7D3CC72CAA55}.Release|Any CPU.Build.0 = Release|Any CPU
		{17C03B85-70E2-40D7-A3DC-1FDC39434DF9}.Debug|Any CPU.ActiveCfg = Debug|Any CPU
		{17C03B85-70E2-40D7-A3DC-1FDC39434DF9}.Debug|Any CPU.Build.0 = Debug|Any CPU
		{17C03B85-70E2-40D7-A3DC-1FDC39434DF9}.Release|Any CPU.ActiveCfg = Release|Any CPU
		{17C03B85-70E2-40D7-A3DC-1FDC39434DF9}.Release|Any CPU.Build.0 = Release|Any CPU
		{37A554A0-1E3C-4C44-9468-33E4B052DFB6}.Debug|Any CPU.ActiveCfg = Debug|Any CPU
		{37A554A0-1E3C-4C44-9468-33E4B052DFB6}.Debug|Any CPU.Build.0 = Debug|Any CPU
		{37A554A0-1E3C-4C44-9468-33E4B052DFB6}.Release|Any CPU.ActiveCfg = Release|Any CPU
		{37A554A0-1E3C-4C44-9468-33E4B052DFB6}.Release|Any CPU.Build.0 = Release|Any CPU
	EndGlobalSection
	GlobalSection(SolutionProperties) = preSolution
		HideSolutionNode = FALSE
	EndGlobalSection
	GlobalSection(NestedProjects) = preSolution
		{E763ABC3-4D00-4D7B-93A3-294644EDF7C9} = {A36BE3AC-CB7C-4B99-9399-43D8F581F3F4}
		{4208D9D4-555A-44FC-A3D0-20DADBB79EEE} = {A36BE3AC-CB7C-4B99-9399-43D8F581F3F4}
		{D0E018D6-FE0F-4DF7-83E4-18BA4C4067D1} = {A36BE3AC-CB7C-4B99-9399-43D8F581F3F4}
		{CE64BA08-8559-4880-A150-A3F4EBD5D8AF} = {4208D9D4-555A-44FC-A3D0-20DADBB79EEE}
		{B977820F-CDAE-4CC5-B63F-18F919285BFE} = {4208D9D4-555A-44FC-A3D0-20DADBB79EEE}
		{FD3C19D1-ACE0-430D-A797-CE2D21FD3038} = {4208D9D4-555A-44FC-A3D0-20DADBB79EEE}
		{77DB78FF-0EFE-47B4-ABC7-10BD74FE9C29} = {4208D9D4-555A-44FC-A3D0-20DADBB79EEE}
		{E282D449-4201-4909-B130-FEBB156E5F99} = {77DB78FF-0EFE-47B4-ABC7-10BD74FE9C29}
		{01CCE839-6F7F-4156-8CBC-40A9B3132528} = {FD3C19D1-ACE0-430D-A797-CE2D21FD3038}
		{4B4DDA4E-1A5E-4023-86C7-74DB9B0A67D6} = {CE64BA08-8559-4880-A150-A3F4EBD5D8AF}
		{0CC8C5EB-3EA6-4970-A763-C6DBE7E483F3} = {B977820F-CDAE-4CC5-B63F-18F919285BFE}
		{726A1812-27D5-412A-836C-F987115628F3} = {B977820F-CDAE-4CC5-B63F-18F919285BFE}
		{22969108-C871-4E57-8291-79E5188673D9} = {B977820F-CDAE-4CC5-B63F-18F919285BFE}
		{3720B688-D5EF-4A1D-8D18-18E8EC519408} = {B977820F-CDAE-4CC5-B63F-18F919285BFE}
		{B6A0CB00-E0D4-4EAF-AA91-95EA179708E7} = {E763ABC3-4D00-4D7B-93A3-294644EDF7C9}
		{CA5E8D6E-18CD-4885-8597-030162947AE8} = {D0E018D6-FE0F-4DF7-83E4-18BA4C4067D1}
		{6F7443E2-02BB-49CB-BBF8-7D3CC72CAA55} = {D0E018D6-FE0F-4DF7-83E4-18BA4C4067D1}
		{17C03B85-70E2-40D7-A3DC-1FDC39434DF9} = {D0E018D6-FE0F-4DF7-83E4-18BA4C4067D1}
	EndGlobalSection
	GlobalSection(ExtensibilityGlobals) = postSolution
		SolutionGuid = {AE1B5D0C-63F0-4A22-A459-825625349D27}
	EndGlobalSection
EndGlobal
